<?xml version="1.0" encoding="utf-8"?>
<Project ToolsVersion="4.0" xmlns="http://schemas.microsoft.com/developer/msbuild/2003">
  <ItemGroup>
    <Filter Include="Source Files">
      <UniqueIdentifier>{4FC737F1-C7A5-4376-A066-2A32D752A2FF}</UniqueIdentifier>
      <Extensions>cpp;c;cc;cxx;def;odl;idl;hpj;bat;asm;asmx</Extensions>
    </Filter>
    <Filter Include="Header Files">
      <UniqueIdentifier>{93995380-89BD-4b04-88EB-625FBE52EBFB}</UniqueIdentifier>
      <Extensions>h;hh;hpp;hxx;hm;inl;inc;xsd</Extensions>
    </Filter>
  </ItemGroup>
  <ItemGroup>
    <ClCompile Include="..\arg_parser.cc">
      <Filter>Source Files</Filter>
    </ClCompile>
    <ClCompile Include="..\bitmap.cc">
      <Filter>Source Files</Filter>
    </ClCompile>
    <ClCompile Include="..\blob.cc">
      <Filter>Source Files</Filter>
    </ClCompile>
    <ClCompile Include="..\character.cc">
      <Filter>Source Files</Filter>
    </ClCompile>
    <ClCompile Include="..\character_r11.cc">
      <Filter>Source Files</Filter>
    </ClCompile>
    <ClCompile Include="..\character_r12.cc">
      <Filter>Source Files</Filter>
    </ClCompile>
    <ClCompile Include="..\character_r13.cc">
      <Filter>Source Files</Filter>
    </ClCompile>
    <ClCompile Include="..\common.cc">
      <Filter>Source Files</Filter>
    </ClCompile>
    <ClCompile Include="..\feats.cc">
      <Filter>Source Files</Filter>
    </ClCompile>
    <ClCompile Include="..\feats_test0.cc">
      <Filter>Source Files</Filter>
    </ClCompile>
    <ClCompile Include="..\feats_test1.cc">
      <Filter>Source Files</Filter>
    </ClCompile>
    <ClCompile Include="..\iso_8859.cc">
      <Filter>Source Files</Filter>
    </ClCompile>
    <ClCompile Include="..\mask.cc">
      <Filter>Source Files</Filter>
    </ClCompile>
    <ClCompile Include="..\ocradlib.cc">
      <Filter>Source Files</Filter>
    </ClCompile>
    <ClCompile Include="..\page_image.cc">
      <Filter>Source Files</Filter>
    </ClCompile>
    <ClCompile Include="..\page_image_io.cc">
      <Filter>Source Files</Filter>
    </ClCompile>
    <ClCompile Include="..\profile.cc">
      <Filter>Source Files</Filter>
    </ClCompile>
    <ClCompile Include="..\rational.cc">
      <Filter>Source Files</Filter>
    </ClCompile>
    <ClCompile Include="..\rectangle.cc">
      <Filter>Source Files</Filter>
    </ClCompile>
    <ClCompile Include="..\segment.cc">
      <Filter>Source Files</Filter>
    </ClCompile>
    <ClCompile Include="..\textblock.cc">
      <Filter>Source Files</Filter>
    </ClCompile>
    <ClCompile Include="..\textline.cc">
      <Filter>Source Files</Filter>
    </ClCompile>
    <ClCompile Include="..\textline_r2.cc">
      <Filter>Source Files</Filter>
    </ClCompile>
    <ClCompile Include="..\textpage.cc">
      <Filter>Source Files</Filter>
    </ClCompile>
    <ClCompile Include="..\track.cc">
      <Filter>Source Files</Filter>
    </ClCompile>
    <ClCompile Include="..\ucs.cc">
      <Filter>Source Files</Filter>
    </ClCompile>
    <ClCompile Include="..\user_filter.cc">
      <Filter>Source Files</Filter>
    </ClCompile>
  </ItemGroup>
  <ItemGroup>
    <ClInclude Include="..\arg_parser.h">
      <Filter>Header Files</Filter>
    </ClInclude>
    <ClInclude Include="..\bitmap.h">
      <Filter>Header Files</Filter>
    </ClInclude>
    <ClInclude Include="..\blob.h">
      <Filter>Header Files</Filter>
    </ClInclude>
    <ClInclude Include="..\character.h">
      <Filter>Header Files</Filter>
    </ClInclude>
    <ClInclude Include="..\common.h">
      <Filter>Header Files</Filter>
    </ClInclude>
    <ClInclude Include="..\feats.h">
      <Filter>Header Files</Filter>
    </ClInclude>
    <ClInclude Include="..\histogram.h">
      <Filter>Header Files</Filter>
    </ClInclude>
    <ClInclude Include="..\iso_8859.h">
      <Filter>Header Files</Filter>
    </ClInclude>
    <ClInclude Include="..\mask.h">
      <Filter>Header Files</Filter>
    </ClInclude>
    <ClInclude Include="..\ocradlib.h">
      <Filter>Header Files</Filter>
    </ClInclude>
    <ClInclude Include="..\page_image.h">
      <Filter>Header Files</Filter>
    </ClInclude>
    <ClInclude Include="..\profile.h">
      <Filter>Header Files</Filter>
    </ClInclude>
    <ClInclude Include="..\rational.h">
      <Filter>Header Files</Filter>
    </ClInclude>
    <ClInclude Include="..\rectangle.h">
      <Filter>Header Files</Filter>
    </ClInclude>
    <ClInclude Include="..\segment.h">
      <Filter>Header Files</Filter>
    </ClInclude>
    <ClInclude Include="..\textblock.h">
      <Filter>Header Files</Filter>
    </ClInclude>
    <ClInclude Include="..\textline.h">
      <Filter>Header Files</Filter>
    </ClInclude>
    <ClInclude Include="..\textpage.h">
      <Filter>Header Files</Filter>
    </ClInclude>
    <ClInclude Include="..\track.h">
      <Filter>Header Files</Filter>
    </ClInclude>
    <ClInclude Include="..\ucs.h">
      <Filter>Header Files</Filter>
    </ClInclude>
    <ClInclude Include="..\user_filter.h">
      <Filter>Header Files</Filter>
    </ClInclude>
  </ItemGroup>
</Project>